{
  "name": "ACLA",
  "lockfileVersion": 3,
  "requires": true,
  "packages": {
    "": {
      "dependencies": {
        "throttler": "^0.0.1"
      }
    },
    "node_modules/throttler": {
      "version": "0.0.1",
      "resolved": "https://registry.npmjs.org/throttler/-/throttler-0.0.1.tgz",
      "integrity": "sha512-PbZb6EzDP12PN2FuM2Qtv+TmO6qWJdHhPi7NuC1CD3F9++whghPuKX1u6LqOAKjJVxjxI3UQgztUpL5A7F+HSw==",
      "license": "BSD"
    }
  }
}
